{
  "requires": true,
  "lockfileVersion": 1,
  "dependencies": {
    "angular-gridster2": {
      "version": "6.0.4",
      "resolved": "https://registry.npmjs.org/angular-gridster2/-/angular-gridster2-6.0.4.tgz",
      "integrity": "sha512-0dJdNEFz7fhzc+XYd3aJY4ZrskX70Yl1hUCTkSUmdoQxUFXrcwKRRRfWKmAO6UjhDFV0SOLWvA56vbbo2umESA==",
      "requires": {
        "tslib": "1.9.1"
      }
    },
    "tslib": {
      "version": "1.9.1",
      "resolved": "https://registry.npmjs.org/tslib/-/tslib-1.9.1.tgz",
      "integrity": "sha512-avfPS28HmGLLc2o4elcc2EIq2FcH++Yo5YxpBZi9Yw93BCTGFthI4HPE4Rpep6vSYQaK8e69PelM44tPj+RaQg=="
    }
  }
}
